
Microsoft Visual Studio Solution File, Format Version 12.00
# Visual Studio 2013
Project("{FAE04EC0-301F-11D3-BF4B-00C04F79EFBC}") = "Combat.CSharp", "Combat.CSharp.csproj", "{D4CA3AF9-D405-A6B2-4BD6-A2AE62C2305C}"
EndProject
Project("{FAE04EC0-301F-11D3-BF4B-00C04F79EFBC}") = "Combat.CSharp.Editor", "Combat.CSharp.Editor.csproj", "{BC6C31B7-C434-EDE4-95C4-2D8E007B388C}"
EndProject
Global
	GlobalSection(SolutionConfigurationPlatforms) = preSolution
		Debug|Any CPU = Debug|Any CPU
		Release|Any CPU = Release|Any CPU
	EndGlobalSection
	GlobalSection(ProjectConfigurationPlatforms) = postSolution
		{D4CA3AF9-D405-A6B2-4BD6-A2AE62C2305C}.Debug|Any CPU.ActiveCfg = Debug|Any CPU
		{D4CA3AF9-D405-A6B2-4BD6-A2AE62C2305C}.Debug|Any CPU.Build.0 = Debug|Any CPU
		{D4CA3AF9-D405-A6B2-4BD6-A2AE62C2305C}.Release|Any CPU.ActiveCfg = Release|Any CPU
		{D4CA3AF9-D405-A6B2-4BD6-A2AE62C2305C}.Release|Any CPU.Build.0 = Release|Any CPU
		{BC6C31B7-C434-EDE4-95C4-2D8E007B388C}.Debug|Any CPU.ActiveCfg = Debug|Any CPU
		{BC6C31B7-C434-EDE4-95C4-2D8E007B388C}.Debug|Any CPU.Build.0 = Debug|Any CPU
		{BC6C31B7-C434-EDE4-95C4-2D8E007B388C}.Release|Any CPU.ActiveCfg = Release|Any CPU
		{BC6C31B7-C434-EDE4-95C4-2D8E007B388C}.Release|Any CPU.Build.0 = Release|Any CPU
	EndGlobalSection
	GlobalSection(SolutionProperties) = preSolution
		HideSolutionNode = FALSE
	EndGlobalSection
EndGlobal
